// !$*UTF8*$!
{
	archiveVersion = 1;
	classes = {
	};
	objectVersion = 56;
	objects = {

/* Begin PBXBuildFile section */
		43722A6C2A2BE9F900AFC6A5 /* LittleLemonApp.swift in Sources */ = {isa = PBXBuildFile; fileRef = 43722A6B2A2BE9F900AFC6A5 /* LittleLemonApp.swift */; };
		43722A702A2BE9FA00AFC6A5 /* Assets.xcassets in Resources */ = {isa = PBXBuildFile; fileRef = 43722A6F2A2BE9FA00AFC6A5 /* Assets.xcassets */; };
		43722A732A2BE9FA00AFC6A5 /* Preview Assets.xcassets in Resources */ = {isa = PBXBuildFile; fileRef = 43722A722A2BE9FA00AFC6A5 /* Preview Assets.xcassets */; };
		43722A7A2A2BEA5B00AFC6A5 /* MenuItemsView.swift in Sources */ = {isa = PBXBuildFile; fileRef = 43722A792A2BEA5B00AFC6A5 /* MenuItemsView.swift */; };
		43722A7C2A2BEA6800AFC6A5 /* MenuItemsOptionView.swift in Sources */ = {isa = PBXBuildFile; fileRef = 43722A7B2A2BEA6800AFC6A5 /* MenuItemsOptionView.swift */; };
		43722A7E2A2BEA7100AFC6A5 /* MenuItemDetailsView.swift in Sources */ = {isa = PBXBuildFile; fileRef = 43722A7D2A2BEA7100AFC6A5 /* MenuItemDetailsView.swift */; };
		43722A802A2CD59500AFC6A5 /* MenuCategory.swift in Sources */ = {isa = PBXBuildFile; fileRef = 43722A7F2A2CD59500AFC6A5 /* MenuCategory.swift */; };
		43722A822A2CD5BD00AFC6A5 /* Ingredient.swift in Sources */ = {isa = PBXBuildFile; fileRef = 43722A812A2CD5BD00AFC6A5 /* Ingredient.swift */; };
/* End PBXBuildFile section */

/* Begin PBXFileReference section */
		43722A682A2BE9F900AFC6A5 /* LittleLemon.app */ = {isa = PBXFileReference; explicitFileType = wrapper.application; includeInIndex = 0; path = LittleLemon.app; sourceTree = BUILT_PRODUCTS_DIR; };
		43722A6B2A2BE9F900AFC6A5 /* LittleLemonApp.swift */ = {isa = PBXFileReference; lastKnownFileType = sourcecode.swift; path = LittleLemonApp.swift; sourceTree = "<group>"; };
		43722A6F2A2BE9FA00AFC6A5 /* Assets.xcassets */ = {isa = PBXFileReference; lastKnownFileType = folder.assetcatalog; path = Assets.xcassets; sourceTree = "<group>"; };
		43722A722A2BE9FA00AFC6A5 /* Preview Assets.xcassets */ = {isa = PBXFileReference; lastKnownFileType = folder.assetcatalog; path = "Preview Assets.xcassets"; sourceTree = "<group>"; };
		43722A792A2BEA5B00AFC6A5 /* MenuItemsView.swift */ = {isa = PBXFileReference; lastKnownFileType = sourcecode.swift; path = MenuItemsView.swift; sourceTree = "<group>"; };
		43722A7B2A2BEA6800AFC6A5 /* MenuItemsOptionView.swift */ = {isa = PBXFileReference; lastKnownFileType = sourcecode.swift; path = MenuItemsOptionView.swift; sourceTree = "<group>"; };
		43722A7D2A2BEA7100AFC6A5 /* MenuItemDetailsView.swift */ = {isa = PBXFileReference; lastKnownFileType = sourcecode.swift; path = MenuItemDetailsView.swift; sourceTree = "<group>"; };
		43722A7F2A2CD59500AFC6A5 /* MenuCategory.swift */ = {isa = PBXFileReference; lastKnownFileType = sourcecode.swift; path = MenuCategory.swift; sourceTree = "<group>"; };
		43722A812A2CD5BD00AFC6A5 /* Ingredient.swift */ = {isa = PBXFileReference; lastKnownFileType = sourcecode.swift; path = Ingredient.swift; sourceTree = "<group>"; };
/* End PBXFileReference section */

/* Begin PBXFrameworksBuildPhase section */
		43722A652A2BE9F900AFC6A5 /* Frameworks */ = {
			isa = PBXFrameworksBuildPhase;
			buildActionMask = 2147483647;
			files = (
			);
			runOnlyForDeploymentPostprocessing = 0;
		};
/* End PBXFrameworksBuildPhase section */

/* Begin PBXGroup section */
		43722A5F2A2BE9F900AFC6A5 = {
			isa = PBXGroup;
			children = (
				43722A6A2A2BE9F900AFC6A5 /* LittleLemon */,
				43722A692A2BE9F900AFC6A5 /* Products */,
			);
			sourceTree = "<group>";
		};
		43722A692A2BE9F900AFC6A5 /* Products */ = {
			isa = PBXGroup;
			children = (
				43722A682A2BE9F900AFC6A5 /* LittleLemon.app */,
			);
			name = Products;
			sourceTree = "<group>";
		};
		43722A6A2A2BE9F900AFC6A5 /* LittleLemon */ = {
			isa = PBXGroup;
			children = (
				43722A6B2A2BE9F900AFC6A5 /* LittleLemonApp.swift */,
				43722A6F2A2BE9FA00AFC6A5 /* Assets.xcassets */,
				43722A712A2BE9FA00AFC6A5 /* Preview Content */,
				43722A792A2BEA5B00AFC6A5 /* MenuItemsView.swift */,
				43722A7B2A2BEA6800AFC6A5 /* MenuItemsOptionView.swift */,
				43722A7D2A2BEA7100AFC6A5 /* MenuItemDetailsView.swift */,
				43722A7F2A2CD59500AFC6A5 /* MenuCategory.swift */,
				43722A812A2CD5BD00AFC6A5 /* Ingredient.swift */,
			);
			path = LittleLemon;
			sourceTree = "<group>";
		};
		43722A712A2BE9FA00AFC6A5 /* Preview Content */ = {
			isa = PBXGroup;
			children = (
				43722A722A2BE9FA00AFC6A5 /* Preview Assets.xcassets */,
			);
			path = "Preview Content";
			sourceTree = "<group>";
		};
/* End PBXGroup section */

/* Begin PBXNativeTarget section */
		43722A672A2BE9F900AFC6A5 /* LittleLemon */ = {
			isa = PBXNativeTarget;
			buildConfigurationList = 43722A762A2BE9FA00AFC6A5 /* Build configuration list for PBXNativeTarget "LittleLemon" */;
			buildPhases = (
				43722A642A2BE9F900AFC6A5 /* Sources */,
				43722A652A2BE9F900AFC6A5 /* Frameworks */,
				43722A662A2BE9F900AFC6A5 /* Resources */,
			);
			buildRules = (
			);
			dependencies = (
			);
			name = LittleLemon;
			productName = LittleLemon;
			productReference = 43722A682A2BE9F900AFC6A5 /* LittleLemon.app */;
			productType = "com.apple.product-type.application";
		};
/* End PBXNativeTarget section */

/* Begin PBXProject section */
		43722A602A2BE9F900AFC6A5 /* Project object */ = {
			isa = PBXProject;
			attributes = {
				BuildIndependentTargetsInParallel = 1;
				LastSwiftUpdateCheck = 1430;
				LastUpgradeCheck = 1430;
				TargetAttributes = {
					43722A672A2BE9F900AFC6A5 = {
						CreatedOnToolsVersion = 14.3;
					};
				};
			};
			buildConfigurationList = 43722A632A2BE9F900AFC6A5 /* Build configuration list for PBXProject "LittleLemon" */;
			compatibilityVersion = "Xcode 14.0";
			developmentRegion = en;
			hasScannedForEncodings = 0;
			knownRegions = (
				en,
				Base,
			);
			mainGroup = 43722A5F2A2BE9F900AFC6A5;
			productRefGroup = 43722A692A2BE9F900AFC6A5 /* Products */;
			projectDirPath = "";
			projectRoot = "";
			targets = (
				43722A672A2BE9F900AFC6A5 /* LittleLemon */,
			);
		};
/* End PBXProject section */

/* Begin PBXResourcesBuildPhase section */
		43722A662A2BE9F900AFC6A5 /* Resources */ = {
			isa = PBXResourcesBuildPhase;
			buildActionMask = 2147483647;
			files = (
				43722A732A2BE9FA00AFC6A5 /* Preview Assets.xcassets in Resources */,
				43722A702A2BE9FA00AFC6A5 /* Assets.xcassets in Resources */,
			);
			runOnlyForDeploymentPostprocessing = 0;
		};
/* End PBXResourcesBuildPhase section */

/* Begin PBXSourcesBuildPhase section */
		43722A642A2BE9F900AFC6A5 /* Sources */ = {
			isa = PBXSourcesBuildPhase;
			buildActionMask = 2147483647;
			files = (
				43722A7C2A2BEA6800AFC6A5 /* MenuItemsOptionView.swift in Sources */,
				43722A7E2A2BEA7100AFC6A5 /* MenuItemDetailsView.swift in Sources */,
				43722A822A2CD5BD00AFC6A5 /* Ingredient.swift in Sources */,
				43722A7A2A2BEA5B00AFC6A5 /* MenuItemsView.swift in Sources */,
				43722A6C2A2BE9F900AFC6A5 /* LittleLemonApp.swift in Sources */,
				43722A802A2CD59500AFC6A5 /* MenuCategory.swift in Sources */,
			);
			runOnlyForDeploymentPostprocessing = 0;
		};
/* End PBXSourcesBuildPhase section */

/* Begin XCBuildConfiguration section */
		43722A742A2BE9FA00AFC6A5 /* Debug */ = {
			isa = XCBuildConfiguration;
			buildSettings = {
				ALWAYS_SEARCH_USER_PATHS = NO;
				CLANG_ANALYZER_NONNULL = YES;
				CLANG_ANALYZER_NUMBER_OBJECT_CONVERSION = YES_AGGRESSIVE;
				CLANG_CXX_LANGUAGE_STANDARD = "gnu++20";
				CLANG_ENABLE_MODULES = YES;
				CLANG_ENABLE_OBJC_ARC = YES;
				CLANG_ENABLE_OBJC_WEAK = YES;
				CLANG_WARN_BLOCK_CAPTURE_AUTORELEASING = YES;
				CLANG_WARN_BOOL_CONVERSION = YES;
				CLANG_WARN_COMMA = YES;
				CLANG_WARN_CONSTANT_CONVERSION = YES;
				CLANG_WARN_DEPRECATED_OBJC_IMPLEMENTATIONS = YES;
				CLANG_WARN_DIRECT_OBJC_ISA_USAGE = YES_ERROR;
				CLANG_WARN_DOCUMENTATION_COMMENTS = YES;
				CLANG_WARN_EMPTY_BODY = YES;
				CLANG_WARN_ENUM_CONVERSION = YES;
				CLANG_WARN_INFINITE_RECURSION = YES;
				CLANG_WARN_INT_CONVERSION = YES;
				CLANG_WARN_NON_LITERAL_NULL_CONVERSION = YES;
				CLANG_WARN_OBJC_IMPLICIT_RETAIN_SELF = YES;
				CLANG_WARN_OBJC_LITERAL_CONVERSION = YES;
				CLANG_WARN_OBJC_ROOT_CLASS = YES_ERROR;
				CLANG_WARN_QUOTED_INCLUDE_IN_FRAMEWORK_HEADER = YES;
				CLANG_WARN_RANGE_LOOP_ANALYSIS = YES;
				CLANG_WARN_STRICT_PROTOTYPES = YES;
				CLANG_WARN_SUSPICIOUS_MOVE = YES;
				CLANG_WARN_UNGUARDED_AVAILABILITY = YES_AGGRESSIVE;
				CLANG_WARN_UNREACHABLE_CODE = YES;
				CLANG_WARN__DUPLICATE_METHOD_MATCH = YES;
				COPY_PHASE_STRIP = NO;
				DEBUG_INFORMATION_FORMAT = dwarf;
				ENABLE_STRICT_OBJC_MSGSEND = YES;
				ENABLE_TESTABILITY = YES;
				GCC_C_LANGUAGE_STANDARD = gnu11;
				GCC_DYNAMIC_NO_PIC = NO;
				GCC_NO_COMMON_BLOCKS = YES;
				GCC_OPTIMIZATION_LEVEL = 0;
				GCC_PREPROCESSOR_DEFINITIONS = (
					"DEBUG=1",
					"$(inherited)",
				);
				GCC_WARN_64_TO_32_BIT_CONVERSION = YES;
				GCC_WARN_ABOUT_RETURN_TYPE = YES_ERROR;
				GCC_WARN_UNDECLARED_SELECTOR = YES;
				GCC_WARN_UNINITIALIZED_AUTOS = YES_AGGRESSIVE;
				GCC_WARN_UNUSED_FUNCTION = YES;
				GCC_WARN_UNUSED_VARIABLE = YES;
				IPHONEOS_DEPLOYMENT_TARGET = 16.4;
				MTL_ENABLE_DEBUG_INFO = INCLUDE_SOURCE;
				MTL_FAST_MATH = YES;
				ONLY_ACTIVE_ARCH = YES;
				SDKROOT = iphoneos;
				SWIFT_ACTIVE_COMPILATION_CONDITIONS = DEBUG;
				SWIFT_OPTIMIZATION_LEVEL = "-Onone";
			};
			name = Debug;
		};
		43722A752A2BE9FA00AFC6A5 /* Release */ = {
			isa = XCBuildConfiguration;
			buildSettings = {
				ALWAYS_SEARCH_USER_PATHS = NO;
				CLANG_ANALYZER_NONNULL = YES;
				CLANG_ANALYZER_NUMBER_OBJECT_CONVERSION = YES_AGGRESSIVE;
				CLANG_CXX_LANGUAGE_STANDARD = "gnu++20";
				CLANG_ENABLE_MODULES = YES;
				CLANG_ENABLE_OBJC_ARC = YES;
				CLANG_ENABLE_OBJC_WEAK = YES;
				CLANG_WARN_BLOCK_CAPTURE_AUTORELEASING = YES;
				CLANG_WARN_BOOL_CONVERSION = YES;
				CLANG_WARN_COMMA = YES;
				CLANG_WARN_CONSTANT_CONVERSION = YES;
				CLANG_WARN_DEPRECATED_OBJC_IMPLEMENTATIONS = YES;
				CLANG_WARN_DIRECT_OBJC_ISA_USAGE = YES_ERROR;
				CLANG_WARN_DOCUMENTATION_COMMENTS = YES;
				CLANG_WARN_EMPTY_BODY = YES;
				CLANG_WARN_ENUM_CONVERSION = YES;
				CLANG_WARN_INFINITE_RECURSION = YES;
				CLANG_WARN_INT_CONVERSION = YES;
				CLANG_WARN_NON_LITERAL_NULL_CONVERSION = YES;
				CLANG_WARN_OBJC_IMPLICIT_RETAIN_SELF = YES;
				CLANG_WARN_OBJC_LITERAL_CONVERSION = YES;
				CLANG_WARN_OBJC_ROOT_CLASS = YES_ERROR;
				CLANG_WARN_QUOTED_INCLUDE_IN_FRAMEWORK_HEADER = YES;
				CLANG_WARN_RANGE_LOOP_ANALYSIS = YES;
				CLANG_WARN_STRICT_PROTOTYPES = YES;
				CLANG_WARN_SUSPICIOUS_MOVE = YES;
				CLANG_WARN_UNGUARDED_AVAILABILITY = YES_AGGRESSIVE;
				CLANG_WARN_UNREACHABLE_CODE = YES;
				CLANG_WARN__DUPLICATE_METHOD_MATCH = YES;
				COPY_PHASE_STRIP = NO;
				DEBUG_INFORMATION_FORMAT = "dwarf-with-dsym";
				ENABLE_NS_ASSERTIONS = NO;
				ENABLE_STRICT_OBJC_MSGSEND = YES;
				GCC_C_LANGUAGE_STANDARD = gnu11;
				GCC_NO_COMMON_BLOCKS = YES;
				GCC_WARN_64_TO_32_BIT_CONVERSION = YES;
				GCC_WARN_ABOUT_RETURN_TYPE = YES_ERROR;
				GCC_WARN_UNDECLARED_SELECTOR = YES;
				GCC_WARN_UNINITIALIZED_AUTOS = YES_AGGRESSIVE;
				GCC_WARN_UNUSED_FUNCTION = YES;
				GCC_WARN_UNUSED_VARIABLE = YES;
				IPHONEOS_DEPLOYMENT_TARGET = 16.4;
				MTL_ENABLE_DEBUG_INFO = NO;
				MTL_FAST_MATH = YES;
				SDKROOT = iphoneos;
				SWIFT_COMPILATION_MODE = wholemodule;
				SWIFT_OPTIMIZATION_LEVEL = "-O";
				VALIDATE_PRODUCT = YES;
			};
			name = Release;
		};
		43722A772A2BE9FA00AFC6A5 /* Debug */ = {
			isa = XCBuildConfiguration;
			buildSettings = {
				ASSETCATALOG_COMPILER_APPICON_NAME = AppIcon;
				ASSETCATALOG_COMPILER_GLOBAL_ACCENT_COLOR_NAME = AccentColor;
				CODE_SIGN_STYLE = Automatic;
				CURRENT_PROJECT_VERSION = 1;
				DEVELOPMENT_ASSET_PATHS = "\"LittleLemon/Preview Content\"";
				DEVELOPMENT_TEAM = 2L9L899V66;
				ENABLE_PREVIEWS = YES;
				GENERATE_INFOPLIST_FILE = YES;
				INFOPLIST_KEY_UIApplicationSceneManifest_Generation = YES;
				INFOPLIST_KEY_UIApplicationSupportsIndirectInputEvents = YES;
				INFOPLIST_KEY_UILaunchScreen_Generation = YES;
				INFOPLIST_KEY_UISupportedInterfaceOrientations_iPad = "UIInterfaceOrientationPortrait UIInterfaceOrientationPortraitUpsideDown UIInterfaceOrientationLandscapeLeft UIInterfaceOrientationLandscapeRight";
				INFOPLIST_KEY_UISupportedInterfaceOrientations_iPhone = "UIInterfaceOrientationPortrait UIInterfaceOrientationLandscapeLeft UIInterfaceOrientationLandscapeRight";
				LD_RUNPATH_SEARCH_PATHS = (
					"$(inherited)",
					"@executable_path/Frameworks",
				);
				MARKETING_VERSION = 1.0;
				PRODUCT_BUNDLE_IDENTIFIER = com.memtarhan.LittleLemon;
				PRODUCT_NAME = "$(TARGET_NAME)";
				SWIFT_EMIT_LOC_STRINGS = YES;
				SWIFT_VERSION = 5.0;
				TARGETED_DEVICE_FAMILY = "1,2";
			};
			name = Debug;
		};
		43722A782A2BE9FA00AFC6A5 /* Release */ = {
			isa = XCBuildConfiguration;
			buildSettings = {
				ASSETCATALOG_COMPILER_APPICON_NAME = AppIcon;
				ASSETCATALOG_COMPILER_GLOBAL_ACCENT_COLOR_NAME = AccentColor;
				CODE_SIGN_STYLE = Automatic;
				CURRENT_PROJECT_VERSION = 1;
				DEVELOPMENT_ASSET_PATHS = "\"LittleLemon/Preview Content\"";
				DEVELOPMENT_TEAM = 2L9L899V66;
				ENABLE_PREVIEWS = YES;
				GENERATE_INFOPLIST_FILE = YES;
				INFOPLIST_KEY_UIApplicationSceneManifest_Generation = YES;
				INFOPLIST_KEY_UIApplicationSupportsIndirectInputEvents = YES;
				INFOPLIST_KEY_UILaunchScreen_Generation = YES;
				INFOPLIST_KEY_UISupportedInterfaceOrientations_iPad = "UIInterfaceOrientationPortrait UIInterfaceOrientationPortraitUpsideDown UIInterfaceOrientationLandscapeLeft UIInterfaceOrientationLandscapeRight";
				INFOPLIST_KEY_UISupportedInterfaceOrientations_iPhone = "UIInterfaceOrientationPortrait UIInterfaceOrientationLandscapeLeft UIInterfaceOrientationLandscapeRight";
				LD_RUNPATH_SEARCH_PATHS = (
					"$(inherited)",
					"@executable_path/Frameworks",
				);
				MARKETING_VERSION = 1.0;
				PRODUCT_BUNDLE_IDENTIFIER = com.memtarhan.LittleLemon;
				PRODUCT_NAME = "$(TARGET_NAME)";
				SWIFT_EMIT_LOC_STRINGS = YES;
				SWIFT_VERSION = 5.0;
				TARGETED_DEVICE_FAMILY = "1,2";
			};
			name = Release;
		};
/* End XCBuildConfiguration section */

/* Begin XCConfigurationList section */
		43722A632A2BE9F900AFC6A5 /* Build configuration list for PBXProject "LittleLemon" */ = {
			isa = XCConfigurationList;
			buildConfigurations = (
				43722A742A2BE9FA00AFC6A5 /* Debug */,
				43722A752A2BE9FA00AFC6A5 /* Release */,
			);
			defaultConfigurationIsVisible = 0;
			defaultConfigurationName = Release;
		};
		43722A762A2BE9FA00AFC6A5 /* Build configuration list for PBXNativeTarget "LittleLemon" */ = {
			isa = XCConfigurationList;
			buildConfigurations = (
				43722A772A2BE9FA00AFC6A5 /* Debug */,
				43722A782A2BE9FA00AFC6A5 /* Release */,
			);
			defaultConfigurationIsVisible = 0;
			defaultConfigurationName = Release;
		};
/* End XCConfigurationList section */
	};
	rootObject = 43722A602A2BE9F900AFC6A5 /* Project object */;
}
