// !$*UTF8*$!
{
	archiveVersion = 1;
	classes = {
	};
	objectVersion = 56;
	objects = {

/* Begin PBXBuildFile section */
		43075FCE29FA0CD8008D0B43 /* LittleLemonApp.swift in Sources */ = {isa = PBXBuildFile; fileRef = 43075FCD29FA0CD8008D0B43 /* LittleLemonApp.swift */; };
		43075FD029FA0CD8008D0B43 /* MainView.swift in Sources */ = {isa = PBXBuildFile; fileRef = 43075FCF29FA0CD8008D0B43 /* MainView.swift */; };
		43075FD229FA0CD9008D0B43 /* Assets.xcassets in Resources */ = {isa = PBXBuildFile; fileRef = 43075FD129FA0CD9008D0B43 /* Assets.xcassets */; };
		43075FD529FA0CD9008D0B43 /* Preview Assets.xcassets in Resources */ = {isa = PBXBuildFile; fileRef = 43075FD429FA0CD9008D0B43 /* Preview Assets.xcassets */; };
		43075FDD29FA0D32008D0B43 /* LocationsView.swift in Sources */ = {isa = PBXBuildFile; fileRef = 43075FDC29FA0D32008D0B43 /* LocationsView.swift */; };
		43075FE129FA0E8D008D0B43 /* LittleLemonLogo.swift in Sources */ = {isa = PBXBuildFile; fileRef = 43075FE029FA0E8D008D0B43 /* LittleLemonLogo.swift */; };
		43075FE329FA0F35008D0B43 /* Model.swift in Sources */ = {isa = PBXBuildFile; fileRef = 43075FE229FA0F35008D0B43 /* Model.swift */; };
		43075FE729FA0F72008D0B43 /* Reservation.swift in Sources */ = {isa = PBXBuildFile; fileRef = 43075FE629FA0F72008D0B43 /* Reservation.swift */; };
		43075FEA29FA0FA4008D0B43 /* RestaurantLocation.swift in Sources */ = {isa = PBXBuildFile; fileRef = 43075FE929FA0FA4008D0B43 /* RestaurantLocation.swift */; };
		43075FEC29FA0FEE008D0B43 /* ReservationView.swift in Sources */ = {isa = PBXBuildFile; fileRef = 43075FEB29FA0FEE008D0B43 /* ReservationView.swift */; };
		43075FEE29FA1011008D0B43 /* ReservationForm.swift in Sources */ = {isa = PBXBuildFile; fileRef = 43075FED29FA1011008D0B43 /* ReservationForm.swift */; };
		43075FF029FA1037008D0B43 /* RestaurantView.swift in Sources */ = {isa = PBXBuildFile; fileRef = 43075FEF29FA1037008D0B43 /* RestaurantView.swift */; };
/* End PBXBuildFile section */

/* Begin PBXFileReference section */
		43075FCA29FA0CD8008D0B43 /* LittleLemon.app */ = {isa = PBXFileReference; explicitFileType = wrapper.application; includeInIndex = 0; path = LittleLemon.app; sourceTree = BUILT_PRODUCTS_DIR; };
		43075FCD29FA0CD8008D0B43 /* LittleLemonApp.swift */ = {isa = PBXFileReference; lastKnownFileType = sourcecode.swift; path = LittleLemonApp.swift; sourceTree = "<group>"; };
		43075FCF29FA0CD8008D0B43 /* MainView.swift */ = {isa = PBXFileReference; lastKnownFileType = sourcecode.swift; path = MainView.swift; sourceTree = "<group>"; };
		43075FD129FA0CD9008D0B43 /* Assets.xcassets */ = {isa = PBXFileReference; lastKnownFileType = folder.assetcatalog; path = Assets.xcassets; sourceTree = "<group>"; };
		43075FD429FA0CD9008D0B43 /* Preview Assets.xcassets */ = {isa = PBXFileReference; lastKnownFileType = folder.assetcatalog; path = "Preview Assets.xcassets"; sourceTree = "<group>"; };
		43075FDC29FA0D32008D0B43 /* LocationsView.swift */ = {isa = PBXFileReference; lastKnownFileType = sourcecode.swift; path = LocationsView.swift; sourceTree = "<group>"; };
		43075FE029FA0E8D008D0B43 /* LittleLemonLogo.swift */ = {isa = PBXFileReference; lastKnownFileType = sourcecode.swift; path = LittleLemonLogo.swift; sourceTree = "<group>"; };
		43075FE229FA0F35008D0B43 /* Model.swift */ = {isa = PBXFileReference; lastKnownFileType = sourcecode.swift; path = Model.swift; sourceTree = "<group>"; };
		43075FE629FA0F72008D0B43 /* Reservation.swift */ = {isa = PBXFileReference; lastKnownFileType = sourcecode.swift; path = Reservation.swift; sourceTree = "<group>"; };
		43075FE929FA0FA4008D0B43 /* RestaurantLocation.swift */ = {isa = PBXFileReference; lastKnownFileType = sourcecode.swift; path = RestaurantLocation.swift; sourceTree = "<group>"; };
		43075FEB29FA0FEE008D0B43 /* ReservationView.swift */ = {isa = PBXFileReference; lastKnownFileType = sourcecode.swift; path = ReservationView.swift; sourceTree = "<group>"; };
		43075FED29FA1011008D0B43 /* ReservationForm.swift */ = {isa = PBXFileReference; lastKnownFileType = sourcecode.swift; path = ReservationForm.swift; sourceTree = "<group>"; };
		43075FEF29FA1037008D0B43 /* RestaurantView.swift */ = {isa = PBXFileReference; lastKnownFileType = sourcecode.swift; path = RestaurantView.swift; sourceTree = "<group>"; };
/* End PBXFileReference section */

/* Begin PBXFrameworksBuildPhase section */
		43075FC729FA0CD8008D0B43 /* Frameworks */ = {
			isa = PBXFrameworksBuildPhase;
			buildActionMask = 2147483647;
			files = (
			);
			runOnlyForDeploymentPostprocessing = 0;
		};
/* End PBXFrameworksBuildPhase section */

/* Begin PBXGroup section */
		43075FC129FA0CD8008D0B43 = {
			isa = PBXGroup;
			children = (
				43075FCC29FA0CD8008D0B43 /* LittleLemon */,
				43075FCB29FA0CD8008D0B43 /* Products */,
			);
			sourceTree = "<group>";
		};
		43075FCB29FA0CD8008D0B43 /* Products */ = {
			isa = PBXGroup;
			children = (
				43075FCA29FA0CD8008D0B43 /* LittleLemon.app */,
			);
			name = Products;
			sourceTree = "<group>";
		};
		43075FCC29FA0CD8008D0B43 /* LittleLemon */ = {
			isa = PBXGroup;
			children = (
				43075FD129FA0CD9008D0B43 /* Assets.xcassets */,
				43075FCD29FA0CD8008D0B43 /* LittleLemonApp.swift */,
				43075FE029FA0E8D008D0B43 /* LittleLemonLogo.swift */,
				43075FDC29FA0D32008D0B43 /* LocationsView.swift */,
				43075FCF29FA0CD8008D0B43 /* MainView.swift */,
				43075FE229FA0F35008D0B43 /* Model.swift */,
				43075FD329FA0CD9008D0B43 /* Preview Content */,
				43075FE529FA0F5E008D0B43 /* Reservations */,
				43075FE829FA0F91008D0B43 /* Restaurants */,
				43075FDB29FA0D22008D0B43 /* Views */,
			);
			path = LittleLemon;
			sourceTree = "<group>";
		};
		43075FD329FA0CD9008D0B43 /* Preview Content */ = {
			isa = PBXGroup;
			children = (
				43075FD429FA0CD9008D0B43 /* Preview Assets.xcassets */,
			);
			path = "Preview Content";
			sourceTree = "<group>";
		};
		43075FDB29FA0D22008D0B43 /* Views */ = {
			isa = PBXGroup;
			children = (
			);
			path = Views;
			sourceTree = "<group>";
		};
		43075FE529FA0F5E008D0B43 /* Reservations */ = {
			isa = PBXGroup;
			children = (
				43075FE629FA0F72008D0B43 /* Reservation.swift */,
				43075FEB29FA0FEE008D0B43 /* ReservationView.swift */,
				43075FED29FA1011008D0B43 /* ReservationForm.swift */,
			);
			path = Reservations;
			sourceTree = "<group>";
		};
		43075FE829FA0F91008D0B43 /* Restaurants */ = {
			isa = PBXGroup;
			children = (
				43075FE929FA0FA4008D0B43 /* RestaurantLocation.swift */,
				43075FEF29FA1037008D0B43 /* RestaurantView.swift */,
			);
			path = Restaurants;
			sourceTree = "<group>";
		};
/* End PBXGroup section */

/* Begin PBXNativeTarget section */
		43075FC929FA0CD8008D0B43 /* LittleLemon */ = {
			isa = PBXNativeTarget;
			buildConfigurationList = 43075FD829FA0CD9008D0B43 /* Build configuration list for PBXNativeTarget "LittleLemon" */;
			buildPhases = (
				43075FC629FA0CD8008D0B43 /* Sources */,
				43075FC729FA0CD8008D0B43 /* Frameworks */,
				43075FC829FA0CD8008D0B43 /* Resources */,
			);
			buildRules = (
			);
			dependencies = (
			);
			name = LittleLemon;
			productName = LittleLemon;
			productReference = 43075FCA29FA0CD8008D0B43 /* LittleLemon.app */;
			productType = "com.apple.product-type.application";
		};
/* End PBXNativeTarget section */

/* Begin PBXProject section */
		43075FC229FA0CD8008D0B43 /* Project object */ = {
			isa = PBXProject;
			attributes = {
				BuildIndependentTargetsInParallel = 1;
				LastSwiftUpdateCheck = 1430;
				LastUpgradeCheck = 1430;
				TargetAttributes = {
					43075FC929FA0CD8008D0B43 = {
						CreatedOnToolsVersion = 14.3;
					};
				};
			};
			buildConfigurationList = 43075FC529FA0CD8008D0B43 /* Build configuration list for PBXProject "LittleLemon" */;
			compatibilityVersion = "Xcode 14.0";
			developmentRegion = en;
			hasScannedForEncodings = 0;
			knownRegions = (
				en,
				Base,
			);
			mainGroup = 43075FC129FA0CD8008D0B43;
			productRefGroup = 43075FCB29FA0CD8008D0B43 /* Products */;
			projectDirPath = "";
			projectRoot = "";
			targets = (
				43075FC929FA0CD8008D0B43 /* LittleLemon */,
			);
		};
/* End PBXProject section */

/* Begin PBXResourcesBuildPhase section */
		43075FC829FA0CD8008D0B43 /* Resources */ = {
			isa = PBXResourcesBuildPhase;
			buildActionMask = 2147483647;
			files = (
				43075FD529FA0CD9008D0B43 /* Preview Assets.xcassets in Resources */,
				43075FD229FA0CD9008D0B43 /* Assets.xcassets in Resources */,
			);
			runOnlyForDeploymentPostprocessing = 0;
		};
/* End PBXResourcesBuildPhase section */

/* Begin PBXSourcesBuildPhase section */
		43075FC629FA0CD8008D0B43 /* Sources */ = {
			isa = PBXSourcesBuildPhase;
			buildActionMask = 2147483647;
			files = (
				43075FE129FA0E8D008D0B43 /* LittleLemonLogo.swift in Sources */,
				43075FEC29FA0FEE008D0B43 /* ReservationView.swift in Sources */,
				43075FF029FA1037008D0B43 /* RestaurantView.swift in Sources */,
				43075FDD29FA0D32008D0B43 /* LocationsView.swift in Sources */,
				43075FD029FA0CD8008D0B43 /* MainView.swift in Sources */,
				43075FE329FA0F35008D0B43 /* Model.swift in Sources */,
				43075FCE29FA0CD8008D0B43 /* LittleLemonApp.swift in Sources */,
				43075FEE29FA1011008D0B43 /* ReservationForm.swift in Sources */,
				43075FEA29FA0FA4008D0B43 /* RestaurantLocation.swift in Sources */,
				43075FE729FA0F72008D0B43 /* Reservation.swift in Sources */,
			);
			runOnlyForDeploymentPostprocessing = 0;
		};
/* End PBXSourcesBuildPhase section */

/* Begin XCBuildConfiguration section */
		43075FD629FA0CD9008D0B43 /* Debug */ = {
			isa = XCBuildConfiguration;
			buildSettings = {
				ALWAYS_SEARCH_USER_PATHS = NO;
				CLANG_ANALYZER_NONNULL = YES;
				CLANG_ANALYZER_NUMBER_OBJECT_CONVERSION = YES_AGGRESSIVE;
				CLANG_CXX_LANGUAGE_STANDARD = "gnu++20";
				CLANG_ENABLE_MODULES = YES;
				CLANG_ENABLE_OBJC_ARC = YES;
				CLANG_ENABLE_OBJC_WEAK = YES;
				CLANG_WARN_BLOCK_CAPTURE_AUTORELEASING = YES;
				CLANG_WARN_BOOL_CONVERSION = YES;
				CLANG_WARN_COMMA = YES;
				CLANG_WARN_CONSTANT_CONVERSION = YES;
				CLANG_WARN_DEPRECATED_OBJC_IMPLEMENTATIONS = YES;
				CLANG_WARN_DIRECT_OBJC_ISA_USAGE = YES_ERROR;
				CLANG_WARN_DOCUMENTATION_COMMENTS = YES;
				CLANG_WARN_EMPTY_BODY = YES;
				CLANG_WARN_ENUM_CONVERSION = YES;
				CLANG_WARN_INFINITE_RECURSION = YES;
				CLANG_WARN_INT_CONVERSION = YES;
				CLANG_WARN_NON_LITERAL_NULL_CONVERSION = YES;
				CLANG_WARN_OBJC_IMPLICIT_RETAIN_SELF = YES;
				CLANG_WARN_OBJC_LITERAL_CONVERSION = YES;
				CLANG_WARN_OBJC_ROOT_CLASS = YES_ERROR;
				CLANG_WARN_QUOTED_INCLUDE_IN_FRAMEWORK_HEADER = YES;
				CLANG_WARN_RANGE_LOOP_ANALYSIS = YES;
				CLANG_WARN_STRICT_PROTOTYPES = YES;
				CLANG_WARN_SUSPICIOUS_MOVE = YES;
				CLANG_WARN_UNGUARDED_AVAILABILITY = YES_AGGRESSIVE;
				CLANG_WARN_UNREACHABLE_CODE = YES;
				CLANG_WARN__DUPLICATE_METHOD_MATCH = YES;
				COPY_PHASE_STRIP = NO;
				DEBUG_INFORMATION_FORMAT = dwarf;
				ENABLE_STRICT_OBJC_MSGSEND = YES;
				ENABLE_TESTABILITY = YES;
				GCC_C_LANGUAGE_STANDARD = gnu11;
				GCC_DYNAMIC_NO_PIC = NO;
				GCC_NO_COMMON_BLOCKS = YES;
				GCC_OPTIMIZATION_LEVEL = 0;
				GCC_PREPROCESSOR_DEFINITIONS = (
					"DEBUG=1",
					"$(inherited)",
				);
				GCC_WARN_64_TO_32_BIT_CONVERSION = YES;
				GCC_WARN_ABOUT_RETURN_TYPE = YES_ERROR;
				GCC_WARN_UNDECLARED_SELECTOR = YES;
				GCC_WARN_UNINITIALIZED_AUTOS = YES_AGGRESSIVE;
				GCC_WARN_UNUSED_FUNCTION = YES;
				GCC_WARN_UNUSED_VARIABLE = YES;
				IPHONEOS_DEPLOYMENT_TARGET = 16.4;
				MTL_ENABLE_DEBUG_INFO = INCLUDE_SOURCE;
				MTL_FAST_MATH = YES;
				ONLY_ACTIVE_ARCH = YES;
				SDKROOT = iphoneos;
				SWIFT_ACTIVE_COMPILATION_CONDITIONS = DEBUG;
				SWIFT_OPTIMIZATION_LEVEL = "-Onone";
			};
			name = Debug;
		};
		43075FD729FA0CD9008D0B43 /* Release */ = {
			isa = XCBuildConfiguration;
			buildSettings = {
				ALWAYS_SEARCH_USER_PATHS = NO;
				CLANG_ANALYZER_NONNULL = YES;
				CLANG_ANALYZER_NUMBER_OBJECT_CONVERSION = YES_AGGRESSIVE;
				CLANG_CXX_LANGUAGE_STANDARD = "gnu++20";
				CLANG_ENABLE_MODULES = YES;
				CLANG_ENABLE_OBJC_ARC = YES;
				CLANG_ENABLE_OBJC_WEAK = YES;
				CLANG_WARN_BLOCK_CAPTURE_AUTORELEASING = YES;
				CLANG_WARN_BOOL_CONVERSION = YES;
				CLANG_WARN_COMMA = YES;
				CLANG_WARN_CONSTANT_CONVERSION = YES;
				CLANG_WARN_DEPRECATED_OBJC_IMPLEMENTATIONS = YES;
				CLANG_WARN_DIRECT_OBJC_ISA_USAGE = YES_ERROR;
				CLANG_WARN_DOCUMENTATION_COMMENTS = YES;
				CLANG_WARN_EMPTY_BODY = YES;
				CLANG_WARN_ENUM_CONVERSION = YES;
				CLANG_WARN_INFINITE_RECURSION = YES;
				CLANG_WARN_INT_CONVERSION = YES;
				CLANG_WARN_NON_LITERAL_NULL_CONVERSION = YES;
				CLANG_WARN_OBJC_IMPLICIT_RETAIN_SELF = YES;
				CLANG_WARN_OBJC_LITERAL_CONVERSION = YES;
				CLANG_WARN_OBJC_ROOT_CLASS = YES_ERROR;
				CLANG_WARN_QUOTED_INCLUDE_IN_FRAMEWORK_HEADER = YES;
				CLANG_WARN_RANGE_LOOP_ANALYSIS = YES;
				CLANG_WARN_STRICT_PROTOTYPES = YES;
				CLANG_WARN_SUSPICIOUS_MOVE = YES;
				CLANG_WARN_UNGUARDED_AVAILABILITY = YES_AGGRESSIVE;
				CLANG_WARN_UNREACHABLE_CODE = YES;
				CLANG_WARN__DUPLICATE_METHOD_MATCH = YES;
				COPY_PHASE_STRIP = NO;
				DEBUG_INFORMATION_FORMAT = "dwarf-with-dsym";
				ENABLE_NS_ASSERTIONS = NO;
				ENABLE_STRICT_OBJC_MSGSEND = YES;
				GCC_C_LANGUAGE_STANDARD = gnu11;
				GCC_NO_COMMON_BLOCKS = YES;
				GCC_WARN_64_TO_32_BIT_CONVERSION = YES;
				GCC_WARN_ABOUT_RETURN_TYPE = YES_ERROR;
				GCC_WARN_UNDECLARED_SELECTOR = YES;
				GCC_WARN_UNINITIALIZED_AUTOS = YES_AGGRESSIVE;
				GCC_WARN_UNUSED_FUNCTION = YES;
				GCC_WARN_UNUSED_VARIABLE = YES;
				IPHONEOS_DEPLOYMENT_TARGET = 16.4;
				MTL_ENABLE_DEBUG_INFO = NO;
				MTL_FAST_MATH = YES;
				SDKROOT = iphoneos;
				SWIFT_COMPILATION_MODE = wholemodule;
				SWIFT_OPTIMIZATION_LEVEL = "-O";
				VALIDATE_PRODUCT = YES;
			};
			name = Release;
		};
		43075FD929FA0CD9008D0B43 /* Debug */ = {
			isa = XCBuildConfiguration;
			buildSettings = {
				ASSETCATALOG_COMPILER_APPICON_NAME = AppIcon;
				ASSETCATALOG_COMPILER_GLOBAL_ACCENT_COLOR_NAME = AccentColor;
				CODE_SIGN_STYLE = Automatic;
				CURRENT_PROJECT_VERSION = 1;
				DEVELOPMENT_ASSET_PATHS = "\"LittleLemon/Preview Content\"";
				DEVELOPMENT_TEAM = 2L9L899V66;
				ENABLE_PREVIEWS = YES;
				GENERATE_INFOPLIST_FILE = YES;
				INFOPLIST_KEY_UIApplicationSceneManifest_Generation = YES;
				INFOPLIST_KEY_UIApplicationSupportsIndirectInputEvents = YES;
				INFOPLIST_KEY_UILaunchScreen_Generation = YES;
				INFOPLIST_KEY_UISupportedInterfaceOrientations_iPad = "UIInterfaceOrientationPortrait UIInterfaceOrientationPortraitUpsideDown UIInterfaceOrientationLandscapeLeft UIInterfaceOrientationLandscapeRight";
				INFOPLIST_KEY_UISupportedInterfaceOrientations_iPhone = "UIInterfaceOrientationPortrait UIInterfaceOrientationLandscapeLeft UIInterfaceOrientationLandscapeRight";
				LD_RUNPATH_SEARCH_PATHS = (
					"$(inherited)",
					"@executable_path/Frameworks",
				);
				MARKETING_VERSION = 1.0;
				PRODUCT_BUNDLE_IDENTIFIER = com.memtarhan.LittleLemon;
				PRODUCT_NAME = "$(TARGET_NAME)";
				SWIFT_EMIT_LOC_STRINGS = YES;
				SWIFT_VERSION = 5.0;
				TARGETED_DEVICE_FAMILY = "1,2";
			};
			name = Debug;
		};
		43075FDA29FA0CD9008D0B43 /* Release */ = {
			isa = XCBuildConfiguration;
			buildSettings = {
				ASSETCATALOG_COMPILER_APPICON_NAME = AppIcon;
				ASSETCATALOG_COMPILER_GLOBAL_ACCENT_COLOR_NAME = AccentColor;
				CODE_SIGN_STYLE = Automatic;
				CURRENT_PROJECT_VERSION = 1;
				DEVELOPMENT_ASSET_PATHS = "\"LittleLemon/Preview Content\"";
				DEVELOPMENT_TEAM = 2L9L899V66;
				ENABLE_PREVIEWS = YES;
				GENERATE_INFOPLIST_FILE = YES;
				INFOPLIST_KEY_UIApplicationSceneManifest_Generation = YES;
				INFOPLIST_KEY_UIApplicationSupportsIndirectInputEvents = YES;
				INFOPLIST_KEY_UILaunchScreen_Generation = YES;
				INFOPLIST_KEY_UISupportedInterfaceOrientations_iPad = "UIInterfaceOrientationPortrait UIInterfaceOrientationPortraitUpsideDown UIInterfaceOrientationLandscapeLeft UIInterfaceOrientationLandscapeRight";
				INFOPLIST_KEY_UISupportedInterfaceOrientations_iPhone = "UIInterfaceOrientationPortrait UIInterfaceOrientationLandscapeLeft UIInterfaceOrientationLandscapeRight";
				LD_RUNPATH_SEARCH_PATHS = (
					"$(inherited)",
					"@executable_path/Frameworks",
				);
				MARKETING_VERSION = 1.0;
				PRODUCT_BUNDLE_IDENTIFIER = com.memtarhan.LittleLemon;
				PRODUCT_NAME = "$(TARGET_NAME)";
				SWIFT_EMIT_LOC_STRINGS = YES;
				SWIFT_VERSION = 5.0;
				TARGETED_DEVICE_FAMILY = "1,2";
			};
			name = Release;
		};
/* End XCBuildConfiguration section */

/* Begin XCConfigurationList section */
		43075FC529FA0CD8008D0B43 /* Build configuration list for PBXProject "LittleLemon" */ = {
			isa = XCConfigurationList;
			buildConfigurations = (
				43075FD629FA0CD9008D0B43 /* Debug */,
				43075FD729FA0CD9008D0B43 /* Release */,
			);
			defaultConfigurationIsVisible = 0;
			defaultConfigurationName = Release;
		};
		43075FD829FA0CD9008D0B43 /* Build configuration list for PBXNativeTarget "LittleLemon" */ = {
			isa = XCConfigurationList;
			buildConfigurations = (
				43075FD929FA0CD9008D0B43 /* Debug */,
				43075FDA29FA0CD9008D0B43 /* Release */,
			);
			defaultConfigurationIsVisible = 0;
			defaultConfigurationName = Release;
		};
/* End XCConfigurationList section */
	};
	rootObject = 43075FC229FA0CD8008D0B43 /* Project object */;
}
